
Microsoft Visual Studio Solution File, Format Version 12.00
Project("{FAE04EC0-301F-11D3-BF4B-00C04F79EFBC}") = "lab02_tasks", "lab02_tasks\lab02_tasks.csproj", "{B42E9ED1-3563-4215-9D71-2971CC0BE508}"
EndProject
Global
	GlobalSection(SolutionConfigurationPlatforms) = preSolution
		Debug|Any CPU = Debug|Any CPU
		Release|Any CPU = Release|Any CPU
	EndGlobalSection
	GlobalSection(ProjectConfigurationPlatforms) = postSolution
		{B42E9ED1-3563-4215-9D71-2971CC0BE508}.Debug|Any CPU.ActiveCfg = Debug|Any CPU
		{B42E9ED1-3563-4215-9D71-2971CC0BE508}.Debug|Any CPU.Build.0 = Debug|Any CPU
		{B42E9ED1-3563-4215-9D71-2971CC0BE508}.Release|Any CPU.ActiveCfg = Release|Any CPU
		{B42E9ED1-3563-4215-9D71-2971CC0BE508}.Release|Any CPU.Build.0 = Release|Any CPU
	EndGlobalSection
EndGlobal
